<Project xmlns="http://schemas.microsoft.com/developer/msbuild/2003">
	<PropertyGroup>
		<ProjectGuid>{A8B0A5E0-1F1C-4B0E-9E3D-2C7B6D5A9F41}</ProjectGuid>
		<MainSource>SynEdit_D.dpk</MainSource>
		<Config Condition="'$(Config)'==''">Release</Config>
		<DCC_DCCCompiler>DCC32</DCC_DCCCompiler>
		<ProjectVersion>12.0</ProjectVersion>
	</PropertyGroup>
	<PropertyGroup Condition="'$(Config)'=='Basis' or '$(Base)'!=''">
		<Base>true</Base>
	</PropertyGroup>
	<PropertyGroup Condition="'$(Config)'=='Release' or '$(Cfg_1)'!=''">
		<Cfg_1>true</Cfg_1>
		<CfgParent>Base</CfgParent>
		<Base>true</Base>
	</PropertyGroup>
	<PropertyGroup Condition="'$(Config)'=='Debug' or '$(Cfg_2)'!=''">
		<Cfg_2>true</Cfg_2>
		<CfgParent>Base</CfgParent>
		<Base>true</Base>
	</PropertyGroup>
	<PropertyGroup Condition="'$(Base)'!=''">
		<DCC_ImageBase>00400000</DCC_ImageBase>
		<DCC_Platform>x86</DCC_Platform>
		<DCC_Description>SynEdit component suite</DCC_Description>
		<DCC_UnitSearchPath>..;..\Highlighters;$(DCC_UnitSearchPath)</DCC_UnitSearchPath>
		<DCC_IncludePath>..;..\Highlighters;$(DCC_IncludePath)</DCC_IncludePath>
		<DCC_ResourcePath>..;..\Highlighters;$(DCC_ResourcePath)</DCC_ResourcePath>
		<DCC_DcuOutput>..\..\Win32</DCC_DcuOutput>
		<DCC_BplOutput>..\..\Win32</DCC_BplOutput>
		<DCC_DcpOutput>..\..\Win32</DCC_DcpOutput>
		<DCC_Define>madExcept;$(DCC_Define)</DCC_Define>
		<DesignOnlyPackage>true</DesignOnlyPackage>
		<GenPackage>true</GenPackage>
		<GenDll>true</GenDll>
		<DCC_OutputNeverBuildDcps>true</DCC_OutputNeverBuildDcps>
		<DCC_S>false</DCC_S>
		<DCC_N>false</DCC_N>
		<DCC_E>false</DCC_E>
		<DCC_F>false</DCC_F>
		<DCC_K>false</DCC_K>
	</PropertyGroup>
	<PropertyGroup Condition="'$(Cfg_1)'!=''">
		<DCC_LocalDebugSymbols>false</DCC_LocalDebugSymbols>
		<DCC_Define>RELEASE;$(DCC_Define)</DCC_Define>
		<DCC_SymbolReferenceInfo>0</DCC_SymbolReferenceInfo>
		<DCC_DebugInformation>false</DCC_DebugInformation>
	</PropertyGroup>
	<PropertyGroup Condition="'$(Cfg_2)'!=''">
		<DCC_Define>DEBUG;$(DCC_Define)</DCC_Define>
	</PropertyGroup>
	<ItemGroup>
		<DelphiCompile Include="SynEdit_D.dpk">
			<MainSource>MainSource</MainSource>
		</DelphiCompile>
			<DCCReference Include="vcl.dcp"/>
			<DCCReference Include="vcldb.dcp"/>
			<DCCReference Include="vclx.dcp"/>
			<DCCReference Include="rtl.dcp"/>
			<DCCReference Include="designide.dcp"/>
			<DCCReference Include="SynEdit_R.dcp"/>
			<DCCReference Include="..\SynEditReg.pas"/>
			<DCCReference Include="..\SynEditPropertyReg.pas"/>
			<DCCReference Include="..\Highlighters\SynHighlighterManager.pas"/>
	</ItemGroup>
	<Import Condition="Exists('$(MSBuildBinPath)\CodeGear.Delphi.Targets')" Project="$(MSBuildBinPath)\CodeGear.Delphi.Targets"/>
	<ProjectExtensions>
		<Borland.Personality>Delphi.Personality.12</Borland.Personality>
		<Borland.ProjectType>Package</Borland.ProjectType>
		<BorlandProject>
			<Delphi.Personality>
				<Source>
					<Source Name="MainSource">SynEdit_D.dpk</Source>
				</Source>
			</Delphi.Personality>
		</BorlandProject>
	</ProjectExtensions>
</Project>