<Project xmlns="http://schemas.microsoft.com/developer/msbuild/2003">
	<PropertyGroup>
		<ProjectGuid>{373F77C4-A9F5-440B-9DB3-056D0C25109D}</ProjectGuid>
		<MainSource>SynEdit_R.dpk</MainSource>
		<Config Condition="'$(Config)'==''">Release</Config>
		<DCC_DCCCompiler>DCC32</DCC_DCCCompiler>
		<ProjectVersion>12.0</ProjectVersion>
	</PropertyGroup>
	<PropertyGroup Condition="'$(Config)'=='Basis' or '$(Base)'!=''">
		<Base>true</Base>
	</PropertyGroup>
	<PropertyGroup Condition="'$(Config)'=='Release' or '$(Cfg_1)'!=''">
		<Cfg_1>true</Cfg_1>
		<CfgParent>Base</CfgParent>
		<Base>true</Base>
	</PropertyGroup>
	<PropertyGroup Condition="'$(Config)'=='Debug' or '$(Cfg_2)'!=''">
		<Cfg_2>true</Cfg_2>
		<CfgParent>Base</CfgParent>
		<Base>true</Base>
	</PropertyGroup>
	<PropertyGroup Condition="'$(Base)'!=''">
		<DCC_ImageBase>00400000</DCC_ImageBase>
		<DCC_Platform>x86</DCC_Platform>
		<DCC_Description>SynEdit component suite runtime</DCC_Description>
		<DCC_UnitSearchPath>..;..\Highlighters;$(DCC_UnitSearchPath)</DCC_UnitSearchPath>
		<DCC_IncludePath>..;..\Highlighters;$(DCC_IncludePath)</DCC_IncludePath>
		<DCC_ResourcePath>..;..\Highlighters;$(DCC_ResourcePath)</DCC_ResourcePath>
		<DCC_DcuOutput>..\..\Win32</DCC_DcuOutput>
		<DCC_BplOutput>..\..\Win32</DCC_BplOutput>
		<DCC_DcpOutput>..\..\Win32</DCC_DcpOutput>
		<DCC_Define>madExcept;$(DCC_Define)</DCC_Define>
		<RuntimeOnlyPackage>true</RuntimeOnlyPackage>
		<GenPackage>true</GenPackage>
		<GenDll>true</GenDll>
		<DCC_OutputNeverBuildDcps>true</DCC_OutputNeverBuildDcps>
		<DCC_S>false</DCC_S>
		<DCC_N>false</DCC_N>
		<DCC_E>false</DCC_E>
		<DCC_F>false</DCC_F>
		<DCC_K>false</DCC_K>
	</PropertyGroup>
	<PropertyGroup Condition="'$(Cfg_1)'!=''">
		<DCC_LocalDebugSymbols>false</DCC_LocalDebugSymbols>
		<DCC_Define>RELEASE;$(DCC_Define)</DCC_Define>
		<DCC_SymbolReferenceInfo>0</DCC_SymbolReferenceInfo>
		<DCC_DebugInformation>false</DCC_DebugInformation>
	</PropertyGroup>
	<PropertyGroup Condition="'$(Cfg_2)'!=''">
		<DCC_Define>DEBUG;$(DCC_Define)</DCC_Define>
	</PropertyGroup>
	<ItemGroup>
		<DelphiCompile Include="SynEdit_R.dpk">
			<MainSource>MainSource</MainSource>
		</DelphiCompile>
			<DCCReference Include="vcl.dcp"/>
			<DCCReference Include="vcldb.dcp"/>
			<DCCReference Include="vclx.dcp"/>
			<DCCReference Include="rtl.dcp"/>
			<DCCReference Include="..\SynTextDrawer.pas"/>
			<DCCReference Include="..\SynAutoCorrect.pas"/>
			<DCCReference Include="..\SynAutoCorrectEditor.pas">
				<Form>frmAutoCorrectEditor</Form>
			</DCCReference>
			<DCCReference Include="..\SynCompletionProposal.pas"/>
			<DCCReference Include="..\SynDBEdit.pas"/>
			<DCCReference Include="..\SynEdit.pas"/>
			<DCCReference Include="..\SynEditAutoComplete.pas"/>
			<DCCReference Include="..\SynEditDocumentManager.pas"/>
			<DCCReference Include="..\SynEditExport.pas"/>
			<DCCReference Include="..\Highlighters\SynEditHighlighter.pas"/>
			<DCCReference Include="..\SynEditKbdHandler.pas"/>
			<DCCReference Include="..\SynEditKeyCmdEditor.pas">
				<Form>SynEditKeystrokeEditorForm</Form>
			</DCCReference>
			<DCCReference Include="..\SynEditKeyCmds.pas"/>
			<DCCReference Include="..\SynEditKeyCmdsEditor.pas">
				<Form>SynEditKeystrokesEditorForm</Form>
			</DCCReference>
			<DCCReference Include="..\SynEditKeyConst.pas"/>
			<DCCReference Include="..\SynEditMiscClasses.pas"/>
			<DCCReference Include="..\SynEditMiscProcs.pas"/>
			<DCCReference Include="..\SynEditOptionsDialog.pas">
				<Form>fmEditorOptionsDialog</Form>
			</DCCReference>
			<DCCReference Include="..\SynEditPlugins.pas"/>
			<DCCReference Include="..\SynEditWordWrap.pas"/>
			<DCCReference Include="..\SynEditPrint.pas"/>
			<DCCReference Include="..\SynEditPrinterInfo.pas"/>
			<DCCReference Include="..\SynEditPrintHeaderFooter.pas"/>
			<DCCReference Include="..\SynEditPrintMargins.pas"/>
			<DCCReference Include="..\SynEditPrintMarginsDialog.pas">
				<Form>SynEditPrintMarginsDlg</Form>
			</DCCReference>
			<DCCReference Include="..\SynEditPrintPreview.pas"/>
			<DCCReference Include="..\SynEditPrintTypes.pas"/>
			<DCCReference Include="..\SynEditPythonBehaviour.pas"/>
			<DCCReference Include="..\SynEditRegexSearch.pas"/>
			<DCCReference Include="..\SynEditSearch.pas"/>
			<DCCReference Include="..\SynEditStrConst.pas"/>
			<DCCReference Include="..\SynEditTextBuffer.pas"/>
			<DCCReference Include="..\SynEditTypes.pas"/>
			<DCCReference Include="..\SynExportHTML.pas"/>
			<DCCReference Include="..\SynExportRTF.pas"/>
			<DCCReference Include="..\SynExportTeX.pas"/>
			<DCCReference Include="..\Highlighters\SynHighlighterADSP21xx.pas"/>
			<DCCReference Include="..\Highlighters\SynHighlighterAsm.pas"/>
			<DCCReference Include="..\Highlighters\SynHighlighterAsmMASM.pas"/>
			<DCCReference Include="..\Highlighters\SynHighlighterAsmX86_64.pas"/>
			<DCCReference Include="..\Highlighters\SynHighlighterAWK.pas"/>
			<DCCReference Include="..\Highlighters\SynHighlighterBaan.pas"/>
			<DCCReference Include="..\Highlighters\SynHighlighterBat.pas"/>
			<DCCReference Include="..\Highlighters\SynHighlighterCAC.pas"/>
			<DCCReference Include="..\Highlighters\SynHighlighterCache.pas"/>
			<DCCReference Include="..\Highlighters\SynHighlighterCobol.pas"/>
			<DCCReference Include="..\Highlighters\SynHighlighterCPM.pas"/>
			<DCCReference Include="..\Highlighters\SynHighlighterCpp.pas"/>
			<DCCReference Include="..\Highlighters\SynHighlighterCS.pas"/>
			<DCCReference Include="..\Highlighters\SynHighlighterDfm.pas"/>
			<DCCReference Include="..\Highlighters\SynHighlighterDml.pas"/>
			<DCCReference Include="..\Highlighters\SynHighlighterECMAScript.pas"/>
			<DCCReference Include="..\Highlighters\SynHighlighterFortran.pas"/>
			<DCCReference Include="..\Highlighters\SynHighlighterFoxpro.pas"/>
			<DCCReference Include="..\Highlighters\SynHighlighterGalaxy.pas"/>
			<DCCReference Include="..\Highlighters\SynHighlighterGeneral.pas"/>
			<DCCReference Include="..\Highlighters\SynHighlighterGLSL.pas"/>
			<DCCReference Include="..\Highlighters\SynHighlighterGo.pas"/>
			<DCCReference Include="..\Highlighters\SynHighlighterGWS.pas"/>
			<DCCReference Include="..\Highlighters\SynHighlighterHashEntries.pas"/>
			<DCCReference Include="..\Highlighters\SynHighlighterHaskell.pas"/>
			<DCCReference Include="..\Highlighters\SynHighlighterHC11.pas"/>
			<DCCReference Include="..\Highlighters\SynHighlighterHP48.pas"/>
			<DCCReference Include="..\Highlighters\SynHighlighterHtml.pas"/>
			<DCCReference Include="..\Highlighters\SynHighlighterIDL.pas"/>
			<DCCReference Include="..\Highlighters\SynHighlighterIni.pas"/>
			<DCCReference Include="..\Highlighters\SynHighlighterInno.pas"/>
			<DCCReference Include="..\Highlighters\SynHighlighterJava.pas"/>
			<DCCReference Include="..\Highlighters\SynHighlighterJScript.pas"/>
			<DCCReference Include="..\Highlighters\SynHighlighterJSON.pas"/>
			<DCCReference Include="..\Highlighters\SynHighlighterKix.pas"/>
			<DCCReference Include="..\Highlighters\SynHighlighterM3.pas"/>
			<DCCReference Include="..\Highlighters\SynHighlighterModelica.pas"/>
			<DCCReference Include="..\Highlighters\SynHighlighterMsg.pas"/>
			<DCCReference Include="..\Highlighters\SynHighlighterMulti.pas"/>
			<DCCReference Include="..\Highlighters\SynHighlighterPas.pas"/>
			<DCCReference Include="..\Highlighters\SynHighlighterPerl.pas"/>
			<DCCReference Include="..\Highlighters\SynHighlighterPHP.pas"/>
			<DCCReference Include="..\Highlighters\SynHighlighterProgress.pas"/>
			<DCCReference Include="..\Highlighters\SynHighlighterPython.pas"/>
			<DCCReference Include="..\Highlighters\SynHighlighterRC.pas"/>
			<DCCReference Include="..\Highlighters\SynHighlighterRuby.pas"/>
			<DCCReference Include="..\Highlighters\SynHighlighterSDD.pas"/>
			<DCCReference Include="..\Highlighters\SynHighlighterSml.pas"/>
			<DCCReference Include="..\Highlighters\SynHighlighterSQL.pas"/>
			<DCCReference Include="..\Highlighters\SynHighlighterST.pas"/>
			<DCCReference Include="..\Highlighters\SynHighlighterTclTk.pas"/>
			<DCCReference Include="..\Highlighters\SynHighlighterTeX.pas"/>
			<DCCReference Include="..\Highlighters\SynHighlighterUNIXShellScript.pas"/>
			<DCCReference Include="..\Highlighters\SynHighlighterUnreal.pas"/>
			<DCCReference Include="..\Highlighters\SynHighlighterVB.pas"/>
			<DCCReference Include="..\Highlighters\SynHighlighterVBScript.pas"/>
			<DCCReference Include="..\Highlighters\SynHighlighterXML.pas"/>
			<DCCReference Include="..\Highlighters\SynHighlighterYAML.pas"/>
			<DCCReference Include="..\Highlighters\SynHighlighterZPL.pas"/>
			<DCCReference Include="..\SynMacroRecorder.pas"/>
			<DCCReference Include="..\SynMemo.pas"/>
			<DCCReference Include="..\SynRegExpr.pas"/>
			<DCCReference Include="..\Highlighters\SynHighlighterCss.pas"/>
			<DCCReference Include="..\Highlighters\SynHighlighterLDraw.pas"/>
			<DCCReference Include="..\Highlighters\SynHighlighterURI.pas"/>
			<DCCReference Include="..\SynURIOpener.pas"/>
			<DCCReference Include="..\Highlighters\SynHighlighterDOT.pas"/>
			<DCCReference Include="..\Highlighters\SynHighlighterDWS.pas"/>
			<DCCReference Include="..\Highlighters\SynHighlighterVrml97.pas"/>
			<DCCReference Include="..\Highlighters\SynHighlighterEiffel.pas"/>
			<DCCReference Include="..\SynUnicode.pas"/>
			<DCCReference Include="..\SynUsp10.pas"/>
			<DCCReference Include="..\Highlighters\SynEditHighlighterOptions.pas"/>
			<DCCReference Include="..\SynEditWildcardSearch.pas"/>
			<DCCReference Include="..\Highlighters\SynHighlighterLLVM.pas"/>
			<DCCReference Include="..\Highlighters\SynHighlighterRexx.pas"/>
			<DCCReference Include="..\Highlighters\SynHighlighterWebIDL.pas"/>
	</ItemGroup>
	<Import Condition="Exists('$(MSBuildBinPath)\CodeGear.Delphi.Targets')" Project="$(MSBuildBinPath)\CodeGear.Delphi.Targets"/>
	<ProjectExtensions>
		<Borland.Personality>Delphi.Personality.12</Borland.Personality>
		<Borland.ProjectType>Package</Borland.ProjectType>
		<BorlandProject>
			<Delphi.Personality>
				<Source>
					<Source Name="MainSource">SynEdit_R.dpk</Source>
				</Source>
			</Delphi.Personality>
		</BorlandProject>
	</ProjectExtensions>
</Project>